// !$*UTF8*$!
{
	archiveVersion = 1;
	classes = {
	};
	objectVersion = 46;
	objects = {

/* Begin PBXBuildFile section */
		8D77BB891C7D7A2700FCD58F /* main.m in Sources */ = {isa = PBXBuildFile; fileRef = 8D77BB881C7D7A2700FCD58F /* main.m */; };
		8D77BB8C1C7D7A2700FCD58F /* AppDelegate.m in Sources */ = {isa = PBXBuildFile; fileRef = 8D77BB8B1C7D7A2700FCD58F /* AppDelegate.m */; };
		8D77BB8F1C7D7A2700FCD58F /* ViewController.m in Sources */ = {isa = PBXBuildFile; fileRef = 8D77BB8E1C7D7A2700FCD58F /* ViewController.m */; };
		8D77BB921C7D7A2700FCD58F /* Main.storyboard in Resources */ = {isa = PBXBuildFile; fileRef = 8D77BB901C7D7A2700FCD58F /* Main.storyboard */; };
		8D77BB941C7D7A2700FCD58F /* Assets.xcassets in Resources */ = {isa = PBXBuildFile; fileRef = 8D77BB931C7D7A2700FCD58F /* Assets.xcassets */; };
		8D77BB971C7D7A2700FCD58F /* LaunchScreen.storyboard in Resources */ = {isa = PBXBuildFile; fileRef = 8D77BB951C7D7A2700FCD58F /* LaunchScreen.storyboard */; };
		8DD8A57E1C7D858F00AE0758 /* LDAPHelper.m in Sources */ = {isa = PBXBuildFile; fileRef = 8DD8A57D1C7D858F00AE0758 /* LDAPHelper.m */; };
		8DD8A5811C7D85C700AE0758 /* liblber.a in Frameworks */ = {isa = PBXBuildFile; fileRef = 8DD8A55B1C7D7FD100AE0758 /* liblber.a */; };
		8DD8A5821C7D85C700AE0758 /* libldap.a in Frameworks */ = {isa = PBXBuildFile; fileRef = 8DD8A5591C7D7FD100AE0758 /* libldap.a */; };
		8DD8A5861C7D85C800AE0758 /* libcrypto.a in Frameworks */ = {isa = PBXBuildFile; fileRef = 8DD8A5831C7D85C700AE0758 /* libcrypto.a */; };
		8DD8A5871C7D85C800AE0758 /* libsasl2.a in Frameworks */ = {isa = PBXBuildFile; fileRef = 8DD8A5841C7D85C800AE0758 /* libsasl2.a */; };
		8DD8A5881C7D85C800AE0758 /* libssl.a in Frameworks */ = {isa = PBXBuildFile; fileRef = 8DD8A5851C7D85C800AE0758 /* libssl.a */; };
/* End PBXBuildFile section */

/* Begin PBXContainerItemProxy section */
		8DD8A5581C7D7FD100AE0758 /* PBXContainerItemProxy */ = {
			isa = PBXContainerItemProxy;
			containerPortal = 8DD8A5521C7D7FD100AE0758 /* openldap.xcodeproj */;
			proxyType = 2;
			remoteGlobalIDString = A03ADDBE11D14F1200F5A51F;
			remoteInfo = ldap;
		};
		8DD8A55A1C7D7FD100AE0758 /* PBXContainerItemProxy */ = {
			isa = PBXContainerItemProxy;
			containerPortal = 8DD8A5521C7D7FD100AE0758 /* openldap.xcodeproj */;
			proxyType = 2;
			remoteGlobalIDString = A03ADE2A11D1520A00F5A51F;
			remoteInfo = lber;
		};
		8DD8A55C1C7D7FD900AE0758 /* PBXContainerItemProxy */ = {
			isa = PBXContainerItemProxy;
			containerPortal = 8DD8A5521C7D7FD100AE0758 /* openldap.xcodeproj */;
			proxyType = 1;
			remoteGlobalIDString = A03ADDBD11D14F1200F5A51F;
			remoteInfo = ldap;
		};
		8DD8A55E1C7D7FD900AE0758 /* PBXContainerItemProxy */ = {
			isa = PBXContainerItemProxy;
			containerPortal = 8DD8A5521C7D7FD100AE0758 /* openldap.xcodeproj */;
			proxyType = 1;
			remoteGlobalIDString = A03ADE2911D1520A00F5A51F;
			remoteInfo = lber;
		};
/* End PBXContainerItemProxy section */

/* Begin PBXFileReference section */
		8D77BB841C7D7A2700FCD58F /* LDAPAuthentication.app */ = {isa = PBXFileReference; explicitFileType = wrapper.application; includeInIndex = 0; path = LDAPAuthentication.app; sourceTree = BUILT_PRODUCTS_DIR; };
		8D77BB881C7D7A2700FCD58F /* main.m */ = {isa = PBXFileReference; lastKnownFileType = sourcecode.c.objc; path = main.m; sourceTree = "<group>"; };
		8D77BB8A1C7D7A2700FCD58F /* AppDelegate.h */ = {isa = PBXFileReference; lastKnownFileType = sourcecode.c.h; path = AppDelegate.h; sourceTree = "<group>"; };
		8D77BB8B1C7D7A2700FCD58F /* AppDelegate.m */ = {isa = PBXFileReference; lastKnownFileType = sourcecode.c.objc; path = AppDelegate.m; sourceTree = "<group>"; };
		8D77BB8D1C7D7A2700FCD58F /* ViewController.h */ = {isa = PBXFileReference; lastKnownFileType = sourcecode.c.h; path = ViewController.h; sourceTree = "<group>"; };
		8D77BB8E1C7D7A2700FCD58F /* ViewController.m */ = {isa = PBXFileReference; lastKnownFileType = sourcecode.c.objc; path = ViewController.m; sourceTree = "<group>"; };
		8D77BB911C7D7A2700FCD58F /* Base */ = {isa = PBXFileReference; lastKnownFileType = file.storyboard; name = Base; path = Base.lproj/Main.storyboard; sourceTree = "<group>"; };
		8D77BB931C7D7A2700FCD58F /* Assets.xcassets */ = {isa = PBXFileReference; lastKnownFileType = folder.assetcatalog; path = Assets.xcassets; sourceTree = "<group>"; };
		8D77BB961C7D7A2700FCD58F /* Base */ = {isa = PBXFileReference; lastKnownFileType = file.storyboard; name = Base; path = Base.lproj/LaunchScreen.storyboard; sourceTree = "<group>"; };
		8D77BB981C7D7A2700FCD58F /* Info.plist */ = {isa = PBXFileReference; lastKnownFileType = text.plist.xml; path = Info.plist; sourceTree = "<group>"; };
		8DD8A5521C7D7FD100AE0758 /* openldap.xcodeproj */ = {isa = PBXFileReference; lastKnownFileType = "wrapper.pb-project"; name = openldap.xcodeproj; path = ExternalLibraries/iOSPorts/ports/database/openldap/openldap.xcodeproj; sourceTree = "<group>"; };
		8DD8A57C1C7D858F00AE0758 /* LDAPHelper.h */ = {isa = PBXFileReference; fileEncoding = 4; lastKnownFileType = sourcecode.c.h; path = LDAPHelper.h; sourceTree = "<group>"; };
		8DD8A57D1C7D858F00AE0758 /* LDAPHelper.m */ = {isa = PBXFileReference; fileEncoding = 4; lastKnownFileType = sourcecode.c.objc; path = LDAPHelper.m; sourceTree = "<group>"; };
		8DD8A5831C7D85C700AE0758 /* libcrypto.a */ = {isa = PBXFileReference; lastKnownFileType = archive.ar; name = libcrypto.a; path = "LDAPAuthentication/ExternalLibraries/iOSPorts/ports/security/openssl/build/Debug-iphoneos/libcrypto.a"; sourceTree = "<group>"; };
		8DD8A5841C7D85C800AE0758 /* libsasl2.a */ = {isa = PBXFileReference; lastKnownFileType = archive.ar; name = libsasl2.a; path = "LDAPAuthentication/ExternalLibraries/iOSPorts/ports/security/cyrus-sasl/build/Debug-iphoneos/libsasl2.a"; sourceTree = "<group>"; };
		8DD8A5851C7D85C800AE0758 /* libssl.a */ = {isa = PBXFileReference; lastKnownFileType = archive.ar; name = libssl.a; path = "LDAPAuthentication/ExternalLibraries/iOSPorts/ports/security/openssl/build/Debug-iphoneos/libssl.a"; sourceTree = "<group>"; };
/* End PBXFileReference section */

/* Begin PBXFrameworksBuildPhase section */
		8D77BB811C7D7A2700FCD58F /* Frameworks */ = {
			isa = PBXFrameworksBuildPhase;
			buildActionMask = 2147483647;
			files = (
				8DD8A5861C7D85C800AE0758 /* libcrypto.a in Frameworks */,
				8DD8A5871C7D85C800AE0758 /* libsasl2.a in Frameworks */,
				8DD8A5881C7D85C800AE0758 /* libssl.a in Frameworks */,
				8DD8A5811C7D85C700AE0758 /* liblber.a in Frameworks */,
				8DD8A5821C7D85C700AE0758 /* libldap.a in Frameworks */,
			);
			runOnlyForDeploymentPostprocessing = 0;
		};
/* End PBXFrameworksBuildPhase section */

/* Begin PBXGroup section */
		8D77BB7B1C7D7A2700FCD58F = {
			isa = PBXGroup;
			children = (
				8DD8A5831C7D85C700AE0758 /* libcrypto.a */,
				8DD8A5841C7D85C800AE0758 /* libsasl2.a */,
				8DD8A5851C7D85C800AE0758 /* libssl.a */,
				8D77BB861C7D7A2700FCD58F /* LDAPAuthentication */,
				8D77BB851C7D7A2700FCD58F /* Products */,
			);
			sourceTree = "<group>";
		};
		8D77BB851C7D7A2700FCD58F /* Products */ = {
			isa = PBXGroup;
			children = (
				8D77BB841C7D7A2700FCD58F /* LDAPAuthentication.app */,
			);
			name = Products;
			sourceTree = "<group>";
		};
		8D77BB861C7D7A2700FCD58F /* LDAPAuthentication */ = {
			isa = PBXGroup;
			children = (
				8DD8A57B1C7D858F00AE0758 /* Helpers */,
				8DD8A5481C7D7EAF00AE0758 /* ExternalLibraries */,
				8D77BB8A1C7D7A2700FCD58F /* AppDelegate.h */,
				8D77BB8B1C7D7A2700FCD58F /* AppDelegate.m */,
				8D77BB8D1C7D7A2700FCD58F /* ViewController.h */,
				8D77BB8E1C7D7A2700FCD58F /* ViewController.m */,
				8D77BB901C7D7A2700FCD58F /* Main.storyboard */,
				8D77BB931C7D7A2700FCD58F /* Assets.xcassets */,
				8D77BB951C7D7A2700FCD58F /* LaunchScreen.storyboard */,
				8D77BB981C7D7A2700FCD58F /* Info.plist */,
				8D77BB871C7D7A2700FCD58F /* Supporting Files */,
			);
			path = LDAPAuthentication;
			sourceTree = "<group>";
		};
		8D77BB871C7D7A2700FCD58F /* Supporting Files */ = {
			isa = PBXGroup;
			children = (
				8D77BB881C7D7A2700FCD58F /* main.m */,
			);
			name = "Supporting Files";
			sourceTree = "<group>";
		};
		8DD8A5481C7D7EAF00AE0758 /* ExternalLibraries */ = {
			isa = PBXGroup;
			children = (
				8DD8A5521C7D7FD100AE0758 /* openldap.xcodeproj */,
			);
			name = ExternalLibraries;
			sourceTree = "<group>";
		};
		8DD8A5531C7D7FD100AE0758 /* Products */ = {
			isa = PBXGroup;
			children = (
				8DD8A5591C7D7FD100AE0758 /* libldap.a */,
				8DD8A55B1C7D7FD100AE0758 /* liblber.a */,
			);
			name = Products;
			sourceTree = "<group>";
		};
		8DD8A57B1C7D858F00AE0758 /* Helpers */ = {
			isa = PBXGroup;
			children = (
				8DD8A57C1C7D858F00AE0758 /* LDAPHelper.h */,
				8DD8A57D1C7D858F00AE0758 /* LDAPHelper.m */,
			);
			path = Helpers;
			sourceTree = "<group>";
		};
/* End PBXGroup section */

/* Begin PBXNativeTarget section */
		8D77BB831C7D7A2700FCD58F /* LDAPAuthentication */ = {
			isa = PBXNativeTarget;
			buildConfigurationList = 8D77BB9B1C7D7A2700FCD58F /* Build configuration list for PBXNativeTarget "LDAPAuthentication" */;
			buildPhases = (
				8D77BB801C7D7A2700FCD58F /* Sources */,
				8D77BB811C7D7A2700FCD58F /* Frameworks */,
				8D77BB821C7D7A2700FCD58F /* Resources */,
			);
			buildRules = (
			);
			dependencies = (
				8DD8A55D1C7D7FD900AE0758 /* PBXTargetDependency */,
				8DD8A55F1C7D7FD900AE0758 /* PBXTargetDependency */,
			);
			name = LDAPAuthentication;
			productName = LDAPAuthentication;
			productReference = 8D77BB841C7D7A2700FCD58F /* LDAPAuthentication.app */;
			productType = "com.apple.product-type.application";
		};
/* End PBXNativeTarget section */

/* Begin PBXProject section */
		8D77BB7C1C7D7A2700FCD58F /* Project object */ = {
			isa = PBXProject;
			attributes = {
				LastUpgradeCheck = 0720;
				ORGANIZATIONNAME = TenPearls;
				TargetAttributes = {
					8D77BB831C7D7A2700FCD58F = {
						CreatedOnToolsVersion = 7.2;
					};
				};
			};
			buildConfigurationList = 8D77BB7F1C7D7A2700FCD58F /* Build configuration list for PBXProject "LDAPAuthentication" */;
			compatibilityVersion = "Xcode 3.2";
			developmentRegion = English;
			hasScannedForEncodings = 0;
			knownRegions = (
				en,
				Base,
			);
			mainGroup = 8D77BB7B1C7D7A2700FCD58F;
			productRefGroup = 8D77BB851C7D7A2700FCD58F /* Products */;
			projectDirPath = "";
			projectReferences = (
				{
					ProductGroup = 8DD8A5531C7D7FD100AE0758 /* Products */;
					ProjectRef = 8DD8A5521C7D7FD100AE0758 /* openldap.xcodeproj */;
				},
			);
			projectRoot = "";
			targets = (
				8D77BB831C7D7A2700FCD58F /* LDAPAuthentication */,
			);
		};
/* End PBXProject section */

/* Begin PBXReferenceProxy section */
		8DD8A5591C7D7FD100AE0758 /* libldap.a */ = {
			isa = PBXReferenceProxy;
			fileType = archive.ar;
			path = libldap.a;
			remoteRef = 8DD8A5581C7D7FD100AE0758 /* PBXContainerItemProxy */;
			sourceTree = BUILT_PRODUCTS_DIR;
		};
		8DD8A55B1C7D7FD100AE0758 /* liblber.a */ = {
			isa = PBXReferenceProxy;
			fileType = archive.ar;
			path = liblber.a;
			remoteRef = 8DD8A55A1C7D7FD100AE0758 /* PBXContainerItemProxy */;
			sourceTree = BUILT_PRODUCTS_DIR;
		};
/* End PBXReferenceProxy section */

/* Begin PBXResourcesBuildPhase section */
		8D77BB821C7D7A2700FCD58F /* Resources */ = {
			isa = PBXResourcesBuildPhase;
			buildActionMask = 2147483647;
			files = (
				8D77BB971C7D7A2700FCD58F /* LaunchScreen.storyboard in Resources */,
				8D77BB941C7D7A2700FCD58F /* Assets.xcassets in Resources */,
				8D77BB921C7D7A2700FCD58F /* Main.storyboard in Resources */,
			);
			runOnlyForDeploymentPostprocessing = 0;
		};
/* End PBXResourcesBuildPhase section */

/* Begin PBXSourcesBuildPhase section */
		8D77BB801C7D7A2700FCD58F /* Sources */ = {
			isa = PBXSourcesBuildPhase;
			buildActionMask = 2147483647;
			files = (
				8D77BB8F1C7D7A2700FCD58F /* ViewController.m in Sources */,
				8DD8A57E1C7D858F00AE0758 /* LDAPHelper.m in Sources */,
				8D77BB8C1C7D7A2700FCD58F /* AppDelegate.m in Sources */,
				8D77BB891C7D7A2700FCD58F /* main.m in Sources */,
			);
			runOnlyForDeploymentPostprocessing = 0;
		};
/* End PBXSourcesBuildPhase section */

/* Begin PBXTargetDependency section */
		8DD8A55D1C7D7FD900AE0758 /* PBXTargetDependency */ = {
			isa = PBXTargetDependency;
			name = ldap;
			targetProxy = 8DD8A55C1C7D7FD900AE0758 /* PBXContainerItemProxy */;
		};
		8DD8A55F1C7D7FD900AE0758 /* PBXTargetDependency */ = {
			isa = PBXTargetDependency;
			name = lber;
			targetProxy = 8DD8A55E1C7D7FD900AE0758 /* PBXContainerItemProxy */;
		};
/* End PBXTargetDependency section */

/* Begin PBXVariantGroup section */
		8D77BB901C7D7A2700FCD58F /* Main.storyboard */ = {
			isa = PBXVariantGroup;
			children = (
				8D77BB911C7D7A2700FCD58F /* Base */,
			);
			name = Main.storyboard;
			sourceTree = "<group>";
		};
		8D77BB951C7D7A2700FCD58F /* LaunchScreen.storyboard */ = {
			isa = PBXVariantGroup;
			children = (
				8D77BB961C7D7A2700FCD58F /* Base */,
			);
			name = LaunchScreen.storyboard;
			sourceTree = "<group>";
		};
/* End PBXVariantGroup section */

/* Begin XCBuildConfiguration section */
		8D77BB991C7D7A2700FCD58F /* Debug */ = {
			isa = XCBuildConfiguration;
			buildSettings = {
				ALWAYS_SEARCH_USER_PATHS = NO;
				CLANG_CXX_LANGUAGE_STANDARD = "gnu++0x";
				CLANG_CXX_LIBRARY = "libc++";
				CLANG_ENABLE_MODULES = YES;
				CLANG_ENABLE_OBJC_ARC = YES;
				CLANG_WARN_BOOL_CONVERSION = YES;
				CLANG_WARN_CONSTANT_CONVERSION = YES;
				CLANG_WARN_DIRECT_OBJC_ISA_USAGE = YES_ERROR;
				CLANG_WARN_EMPTY_BODY = YES;
				CLANG_WARN_ENUM_CONVERSION = YES;
				CLANG_WARN_INT_CONVERSION = YES;
				CLANG_WARN_OBJC_ROOT_CLASS = YES_ERROR;
				CLANG_WARN_UNREACHABLE_CODE = YES;
				CLANG_WARN__DUPLICATE_METHOD_MATCH = YES;
				"CODE_SIGN_IDENTITY[sdk=iphoneos*]" = "iPhone Developer";
				COPY_PHASE_STRIP = NO;
				DEBUG_INFORMATION_FORMAT = dwarf;
				ENABLE_STRICT_OBJC_MSGSEND = YES;
				ENABLE_TESTABILITY = YES;
				GCC_C_LANGUAGE_STANDARD = gnu99;
				GCC_DYNAMIC_NO_PIC = NO;
				GCC_NO_COMMON_BLOCKS = YES;
				GCC_OPTIMIZATION_LEVEL = 0;
				GCC_PREPROCESSOR_DEFINITIONS = (
					"DEBUG=1",
					"$(inherited)",
				);
				GCC_WARN_64_TO_32_BIT_CONVERSION = YES;
				GCC_WARN_ABOUT_RETURN_TYPE = YES_ERROR;
				GCC_WARN_UNDECLARED_SELECTOR = YES;
				GCC_WARN_UNINITIALIZED_AUTOS = YES_AGGRESSIVE;
				GCC_WARN_UNUSED_FUNCTION = YES;
				GCC_WARN_UNUSED_VARIABLE = YES;
				IPHONEOS_DEPLOYMENT_TARGET = 9.2;
				MTL_ENABLE_DEBUG_INFO = YES;
				ONLY_ACTIVE_ARCH = YES;
				SDKROOT = iphoneos;
			};
			name = Debug;
		};
		8D77BB9A1C7D7A2700FCD58F /* Release */ = {
			isa = XCBuildConfiguration;
			buildSettings = {
				ALWAYS_SEARCH_USER_PATHS = NO;
				CLANG_CXX_LANGUAGE_STANDARD = "gnu++0x";
				CLANG_CXX_LIBRARY = "libc++";
				CLANG_ENABLE_MODULES = YES;
				CLANG_ENABLE_OBJC_ARC = YES;
				CLANG_WARN_BOOL_CONVERSION = YES;
				CLANG_WARN_CONSTANT_CONVERSION = YES;
				CLANG_WARN_DIRECT_OBJC_ISA_USAGE = YES_ERROR;
				CLANG_WARN_EMPTY_BODY = YES;
				CLANG_WARN_ENUM_CONVERSION = YES;
				CLANG_WARN_INT_CONVERSION = YES;
				CLANG_WARN_OBJC_ROOT_CLASS = YES_ERROR;
				CLANG_WARN_UNREACHABLE_CODE = YES;
				CLANG_WARN__DUPLICATE_METHOD_MATCH = YES;
				"CODE_SIGN_IDENTITY[sdk=iphoneos*]" = "iPhone Developer";
				COPY_PHASE_STRIP = NO;
				DEBUG_INFORMATION_FORMAT = "dwarf-with-dsym";
				ENABLE_NS_ASSERTIONS = NO;
				ENABLE_STRICT_OBJC_MSGSEND = YES;
				GCC_C_LANGUAGE_STANDARD = gnu99;
				GCC_NO_COMMON_BLOCKS = YES;
				GCC_WARN_64_TO_32_BIT_CONVERSION = YES;
				GCC_WARN_ABOUT_RETURN_TYPE = YES_ERROR;
				GCC_WARN_UNDECLARED_SELECTOR = YES;
				GCC_WARN_UNINITIALIZED_AUTOS = YES_AGGRESSIVE;
				GCC_WARN_UNUSED_FUNCTION = YES;
				GCC_WARN_UNUSED_VARIABLE = YES;
				IPHONEOS_DEPLOYMENT_TARGET = 9.2;
				MTL_ENABLE_DEBUG_INFO = NO;
				SDKROOT = iphoneos;
				VALIDATE_PRODUCT = YES;
			};
			name = Release;
		};
		8D77BB9C1C7D7A2700FCD58F /* Debug */ = {
			isa = XCBuildConfiguration;
			buildSettings = {
				ALWAYS_SEARCH_USER_PATHS = YES;
				ASSETCATALOG_COMPILER_APPICON_NAME = AppIcon;
				HEADER_SEARCH_PATHS = "$(PROJECT_DIR)/LDAPAuthentication/ExternalLibraries/iOSPorts/include";
				INFOPLIST_FILE = LDAPAuthentication/Info.plist;
				LD_RUNPATH_SEARCH_PATHS = "$(inherited) @executable_path/Frameworks";
				LIBRARY_SEARCH_PATHS = (
					"$(inherited)",
					"$(PROJECT_DIR)/LDAPAuthentication/ExternalLibraries/iOSPorts/ports/security/openssl/build/Debug-iphoneos",
					"$(PROJECT_DIR)/LDAPAuthentication/ExternalLibraries/iOSPorts/ports/security/cyrus-sasl/build/Debug-iphoneos",
				);
				PRODUCT_BUNDLE_IDENTIFIER = com.tenpearls.app.LDAPAuthentication;
				PRODUCT_NAME = "$(TARGET_NAME)";
				USER_HEADER_SEARCH_PATHS = "$(PROJECT_DIR)/LDAPAuthentication/ExternalLibraries/iOSPorts/examples/database/openldap/ldapsearch $(PROJECT_DIR)/LDAPAuthentication/ExternalLibraries/iOSPorts/ports/database/openldap";
			};
			name = Debug;
		};
		8D77BB9D1C7D7A2700FCD58F /* Release */ = {
			isa = XCBuildConfiguration;
			buildSettings = {
				ALWAYS_SEARCH_USER_PATHS = YES;
				ASSETCATALOG_COMPILER_APPICON_NAME = AppIcon;
				HEADER_SEARCH_PATHS = "$(PROJECT_DIR)/LDAPAuthentication/ExternalLibraries/iOSPorts/include";
				INFOPLIST_FILE = LDAPAuthentication/Info.plist;
				LD_RUNPATH_SEARCH_PATHS = "$(inherited) @executable_path/Frameworks";
				LIBRARY_SEARCH_PATHS = (
					"$(inherited)",
					"$(PROJECT_DIR)/LDAPAuthentication/ExternalLibraries/iOSPorts/ports/security/openssl/build/Debug-iphoneos",
					"$(PROJECT_DIR)/LDAPAuthentication/ExternalLibraries/iOSPorts/ports/security/cyrus-sasl/build/Debug-iphoneos",
				);
				PRODUCT_BUNDLE_IDENTIFIER = com.tenpearls.app.LDAPAuthentication;
				PRODUCT_NAME = "$(TARGET_NAME)";
				USER_HEADER_SEARCH_PATHS = "$(PROJECT_DIR)/LDAPAuthentication/ExternalLibraries/iOSPorts/examples/database/openldap/ldapsearch $(PROJECT_DIR)/LDAPAuthentication/ExternalLibraries/iOSPorts/ports/database/openldap";
			};
			name = Release;
		};
/* End XCBuildConfiguration section */

/* Begin XCConfigurationList section */
		8D77BB7F1C7D7A2700FCD58F /* Build configuration list for PBXProject "LDAPAuthentication" */ = {
			isa = XCConfigurationList;
			buildConfigurations = (
				8D77BB991C7D7A2700FCD58F /* Debug */,
				8D77BB9A1C7D7A2700FCD58F /* Release */,
			);
			defaultConfigurationIsVisible = 0;
			defaultConfigurationName = Release;
		};
		8D77BB9B1C7D7A2700FCD58F /* Build configuration list for PBXNativeTarget "LDAPAuthentication" */ = {
			isa = XCConfigurationList;
			buildConfigurations = (
				8D77BB9C1C7D7A2700FCD58F /* Debug */,
				8D77BB9D1C7D7A2700FCD58F /* Release */,
			);
			defaultConfigurationIsVisible = 0;
			defaultConfigurationName = Release;
		};
/* End XCConfigurationList section */
	};
	rootObject = 8D77BB7C1C7D7A2700FCD58F /* Project object */;
}
